
Microsoft Visual Studio Solution File, Format Version 12.00
# Visual Studio 14
VisualStudioVersion = 14.0.22609.0
MinimumVisualStudioVersion = 10.0.40219.1
Project("{FAE04EC0-301F-11D3-BF4B-00C04F79EFBC}") = "PersianNumericConverter", "PersianNumericConverter\PersianNumericConverter.csproj", "{B779A74F-C114-4A9F-ACC9-E243C6718A36}"
EndProject
Project("{FAE04EC0-301F-11D3-BF4B-00C04F79EFBC}") = "PersianNumericConverterTests", "PersianNumericConverterTests\PersianNumericConverterTests.csproj", "{436E7BBF-9CBA-45E8-84C3-9C591282E5B7}"
EndProject
Project("{FAE04EC0-301F-11D3-BF4B-00C04F79EFBC}") = "Demo", "Demo\Demo.csproj", "{42E7515B-7A52-4AC0-9C82-B2C86DDA6342}"
EndProject
Global
	GlobalSection(SolutionConfigurationPlatforms) = preSolution
		Debug|Any CPU = Debug|Any CPU
		Release|Any CPU = Release|Any CPU
	EndGlobalSection
	GlobalSection(ProjectConfigurationPlatforms) = postSolution
		{B779A74F-C114-4A9F-ACC9-E243C6718A36}.Debug|Any CPU.ActiveCfg = Debug|Any CPU
		{B779A74F-C114-4A9F-ACC9-E243C6718A36}.Debug|Any CPU.Build.0 = Debug|Any CPU
		{B779A74F-C114-4A9F-ACC9-E243C6718A36}.Release|Any CPU.ActiveCfg = Release|Any CPU
		{B779A74F-C114-4A9F-ACC9-E243C6718A36}.Release|Any CPU.Build.0 = Release|Any CPU
		{436E7BBF-9CBA-45E8-84C3-9C591282E5B7}.Debug|Any CPU.ActiveCfg = Debug|Any CPU
		{436E7BBF-9CBA-45E8-84C3-9C591282E5B7}.Debug|Any CPU.Build.0 = Debug|Any CPU
		{436E7BBF-9CBA-45E8-84C3-9C591282E5B7}.Release|Any CPU.ActiveCfg = Release|Any CPU
		{436E7BBF-9CBA-45E8-84C3-9C591282E5B7}.Release|Any CPU.Build.0 = Release|Any CPU
		{42E7515B-7A52-4AC0-9C82-B2C86DDA6342}.Debug|Any CPU.ActiveCfg = Debug|Any CPU
		{42E7515B-7A52-4AC0-9C82-B2C86DDA6342}.Debug|Any CPU.Build.0 = Debug|Any CPU
		{42E7515B-7A52-4AC0-9C82-B2C86DDA6342}.Release|Any CPU.ActiveCfg = Release|Any CPU
		{42E7515B-7A52-4AC0-9C82-B2C86DDA6342}.Release|Any CPU.Build.0 = Release|Any CPU
	EndGlobalSection
	GlobalSection(SolutionProperties) = preSolution
		HideSolutionNode = FALSE
	EndGlobalSection
EndGlobal
